
Microsoft Visual Studio Solution File, Format Version 12.00
# Visual Studio Version 16
VisualStudioVersion = 16.0.33130.400
MinimumVisualStudioVersion = 10.0.40219.1
Project("{FAE04EC0-301F-11D3-BF4B-00C04F79EFBC}") = "ODY_Lib", "ODY_Lib.csproj", "{0913FBB1-BFB9-44A0-A4DE-723CC1815260}"
EndProject
Global
	GlobalSection(SolutionConfigurationPlatforms) = preSolution
		Debug|Any CPU = Debug|Any CPU
		Release|Any CPU = Release|Any CPU
	EndGlobalSection
	GlobalSection(ProjectConfigurationPlatforms) = postSolution
		{0913FBB1-BFB9-44A0-A4DE-723CC1815260}.Debug|Any CPU.ActiveCfg = Debug|Any CPU
		{0913FBB1-BFB9-44A0-A4DE-723CC1815260}.Debug|Any CPU.Build.0 = Debug|Any CPU
		{0913FBB1-BFB9-44A0-A4DE-723CC1815260}.Release|Any CPU.ActiveCfg = Release|Any CPU
		{0913FBB1-BFB9-44A0-A4DE-723CC1815260}.Release|Any CPU.Build.0 = Release|Any CPU
	EndGlobalSection
	GlobalSection(SolutionProperties) = preSolution
		HideSolutionNode = FALSE
	EndGlobalSection
	GlobalSection(ExtensibilityGlobals) = postSolution
		SolutionGuid = {C2460B17-DDF0-42B2-AA67-EEA5B04EB22E}
	EndGlobalSection
EndGlobal
